// !$*UTF8*$!
{
	archiveVersion = 1;
	classes = {
	};
	objectVersion = 56;
	objects = {

/* Begin PBXBuildFile section */
		42136E392C8A360C008D610B /* SubtitleCell.xib in Resources */ = {isa = PBXBuildFile; fileRef = 42136E382C8A360C008D610B /* SubtitleCell.xib */; };
		42136E3A2C8A360C008D610B /* SubtitleCell.swift in Sources */ = {isa = PBXBuildFile; fileRef = 42136E372C8A360C008D610B /* SubtitleCell.swift */; };
		42136E3E2C8A422C008D610B /* InfoCell.xib in Resources */ = {isa = PBXBuildFile; fileRef = 42136E3D2C8A422C008D610B /* InfoCell.xib */; };
		42136E3F2C8A422C008D610B /* InfoCell.swift in Sources */ = {isa = PBXBuildFile; fileRef = 42136E3C2C8A422C008D610B /* InfoCell.swift */; };
		42136E432C8A4996008D610B /* ManagerCell.xib in Resources */ = {isa = PBXBuildFile; fileRef = 42136E422C8A4996008D610B /* ManagerCell.xib */; };
		42136E442C8A4996008D610B /* ManagerCell.swift in Sources */ = {isa = PBXBuildFile; fileRef = 42136E412C8A4996008D610B /* ManagerCell.swift */; };
		425ECA492C8ECF7000E1B349 /* ContactAction.swift in Sources */ = {isa = PBXBuildFile; fileRef = 425ECA482C8ECF7000E1B349 /* ContactAction.swift */; };
		426703492C8C227A00D6B9F0 /* Manager.swift in Sources */ = {isa = PBXBuildFile; fileRef = 426703482C8C227A00D6B9F0 /* Manager.swift */; };
		4267034D2C8C247A00D6B9F0 /* NetworkManager.swift in Sources */ = {isa = PBXBuildFile; fileRef = 4267034C2C8C247A00D6B9F0 /* NetworkManager.swift */; };
		426703502C8C24AE00D6B9F0 /* Alamofire in Frameworks */ = {isa = PBXBuildFile; productRef = 4267034F2C8C24AE00D6B9F0 /* Alamofire */; };
		426703522C8C257800D6B9F0 /* NetworkConstants.swift in Sources */ = {isa = PBXBuildFile; fileRef = 426703512C8C257700D6B9F0 /* NetworkConstants.swift */; };
		426703562C8C2DFE00D6B9F0 /* ManagerViewModel.swift in Sources */ = {isa = PBXBuildFile; fileRef = 426703552C8C2DFE00D6B9F0 /* ManagerViewModel.swift */; };
		426703592C8C437F00D6B9F0 /* ManagerEndpoint.swift in Sources */ = {isa = PBXBuildFile; fileRef = 426703582C8C437F00D6B9F0 /* ManagerEndpoint.swift */; };
		429BEB942C88B249009DC531 /* AppDelegate.swift in Sources */ = {isa = PBXBuildFile; fileRef = 429BEB932C88B249009DC531 /* AppDelegate.swift */; };
		429BEB962C88B249009DC531 /* SceneDelegate.swift in Sources */ = {isa = PBXBuildFile; fileRef = 429BEB952C88B249009DC531 /* SceneDelegate.swift */; };
		429BEB9B2C88B249009DC531 /* Base in Resources */ = {isa = PBXBuildFile; fileRef = 429BEB9A2C88B249009DC531 /* Base */; };
		429BEB9D2C88B24C009DC531 /* Assets.xcassets in Resources */ = {isa = PBXBuildFile; fileRef = 429BEB9C2C88B24C009DC531 /* Assets.xcassets */; };
		429BEBA02C88B24C009DC531 /* Base in Resources */ = {isa = PBXBuildFile; fileRef = 429BEB9F2C88B24C009DC531 /* Base */; };
		429BEBAA2C88EBEE009DC531 /* ManagerController.swift in Sources */ = {isa = PBXBuildFile; fileRef = 429BEBA92C88EBEE009DC531 /* ManagerController.swift */; };
		429BEBAF2C88F255009DC531 /* ContactsCell.xib in Resources */ = {isa = PBXBuildFile; fileRef = 429BEBAE2C88F255009DC531 /* ContactsCell.xib */; };
		429BEBB02C88F255009DC531 /* ContactsCell.swift in Sources */ = {isa = PBXBuildFile; fileRef = 429BEBAD2C88F255009DC531 /* ContactsCell.swift */; };
		429FF8E82C8C603600C4D586 /* PersonalManagerManager.swift in Sources */ = {isa = PBXBuildFile; fileRef = 429FF8E72C8C603600C4D586 /* PersonalManagerManager.swift */; };
		429FF8EB2C8C66B600C4D586 /* ManagerDetailController.swift in Sources */ = {isa = PBXBuildFile; fileRef = 429FF8EA2C8C66B600C4D586 /* ManagerDetailController.swift */; };
		429FF8ED2C8C66C700C4D586 /* ManagerDetailViewModel.swift in Sources */ = {isa = PBXBuildFile; fileRef = 429FF8EC2C8C66C700C4D586 /* ManagerDetailViewModel.swift */; };
/* End PBXBuildFile section */

/* Begin PBXFileReference section */
		42136E372C8A360C008D610B /* SubtitleCell.swift */ = {isa = PBXFileReference; lastKnownFileType = sourcecode.swift; path = SubtitleCell.swift; sourceTree = "<group>"; };
		42136E382C8A360C008D610B /* SubtitleCell.xib */ = {isa = PBXFileReference; lastKnownFileType = file.xib; path = SubtitleCell.xib; sourceTree = "<group>"; };
		42136E3C2C8A422C008D610B /* InfoCell.swift */ = {isa = PBXFileReference; lastKnownFileType = sourcecode.swift; path = InfoCell.swift; sourceTree = "<group>"; };
		42136E3D2C8A422C008D610B /* InfoCell.xib */ = {isa = PBXFileReference; lastKnownFileType = file.xib; path = InfoCell.xib; sourceTree = "<group>"; };
		42136E412C8A4996008D610B /* ManagerCell.swift */ = {isa = PBXFileReference; lastKnownFileType = sourcecode.swift; path = ManagerCell.swift; sourceTree = "<group>"; };
		42136E422C8A4996008D610B /* ManagerCell.xib */ = {isa = PBXFileReference; lastKnownFileType = file.xib; path = ManagerCell.xib; sourceTree = "<group>"; };
		425ECA482C8ECF7000E1B349 /* ContactAction.swift */ = {isa = PBXFileReference; lastKnownFileType = sourcecode.swift; path = ContactAction.swift; sourceTree = "<group>"; };
		426703482C8C227A00D6B9F0 /* Manager.swift */ = {isa = PBXFileReference; lastKnownFileType = sourcecode.swift; path = Manager.swift; sourceTree = "<group>"; };
		4267034C2C8C247A00D6B9F0 /* NetworkManager.swift */ = {isa = PBXFileReference; lastKnownFileType = sourcecode.swift; path = NetworkManager.swift; sourceTree = "<group>"; };
		426703512C8C257700D6B9F0 /* NetworkConstants.swift */ = {isa = PBXFileReference; lastKnownFileType = sourcecode.swift; path = NetworkConstants.swift; sourceTree = "<group>"; };
		426703552C8C2DFE00D6B9F0 /* ManagerViewModel.swift */ = {isa = PBXFileReference; lastKnownFileType = sourcecode.swift; path = ManagerViewModel.swift; sourceTree = "<group>"; };
		426703582C8C437F00D6B9F0 /* ManagerEndpoint.swift */ = {isa = PBXFileReference; lastKnownFileType = sourcecode.swift; path = ManagerEndpoint.swift; sourceTree = "<group>"; };
		429BEB902C88B249009DC531 /* InterviewApp.app */ = {isa = PBXFileReference; explicitFileType = wrapper.application; includeInIndex = 0; path = InterviewApp.app; sourceTree = BUILT_PRODUCTS_DIR; };
		429BEB932C88B249009DC531 /* AppDelegate.swift */ = {isa = PBXFileReference; lastKnownFileType = sourcecode.swift; path = AppDelegate.swift; sourceTree = "<group>"; };
		429BEB952C88B249009DC531 /* SceneDelegate.swift */ = {isa = PBXFileReference; lastKnownFileType = sourcecode.swift; path = SceneDelegate.swift; sourceTree = "<group>"; };
		429BEB9A2C88B249009DC531 /* Base */ = {isa = PBXFileReference; lastKnownFileType = file.storyboard; name = Base; path = Base.lproj/Main.storyboard; sourceTree = "<group>"; };
		429BEB9C2C88B24C009DC531 /* Assets.xcassets */ = {isa = PBXFileReference; lastKnownFileType = folder.assetcatalog; path = Assets.xcassets; sourceTree = "<group>"; };
		429BEB9F2C88B24C009DC531 /* Base */ = {isa = PBXFileReference; lastKnownFileType = file.storyboard; name = Base; path = Base.lproj/LaunchScreen.storyboard; sourceTree = "<group>"; };
		429BEBA12C88B24C009DC531 /* Info.plist */ = {isa = PBXFileReference; lastKnownFileType = text.plist.xml; path = Info.plist; sourceTree = "<group>"; };
		429BEBA92C88EBEE009DC531 /* ManagerController.swift */ = {isa = PBXFileReference; lastKnownFileType = sourcecode.swift; path = ManagerController.swift; sourceTree = "<group>"; };
		429BEBAD2C88F255009DC531 /* ContactsCell.swift */ = {isa = PBXFileReference; lastKnownFileType = sourcecode.swift; path = ContactsCell.swift; sourceTree = "<group>"; };
		429BEBAE2C88F255009DC531 /* ContactsCell.xib */ = {isa = PBXFileReference; lastKnownFileType = file.xib; path = ContactsCell.xib; sourceTree = "<group>"; };
		429FF8E72C8C603600C4D586 /* PersonalManagerManager.swift */ = {isa = PBXFileReference; lastKnownFileType = sourcecode.swift; path = PersonalManagerManager.swift; sourceTree = "<group>"; };
		429FF8EA2C8C66B600C4D586 /* ManagerDetailController.swift */ = {isa = PBXFileReference; lastKnownFileType = sourcecode.swift; path = ManagerDetailController.swift; sourceTree = "<group>"; };
		429FF8EC2C8C66C700C4D586 /* ManagerDetailViewModel.swift */ = {isa = PBXFileReference; lastKnownFileType = sourcecode.swift; path = ManagerDetailViewModel.swift; sourceTree = "<group>"; };
/* End PBXFileReference section */

/* Begin PBXFrameworksBuildPhase section */
		429BEB8D2C88B249009DC531 /* Frameworks */ = {
			isa = PBXFrameworksBuildPhase;
			buildActionMask = 2147483647;
			files = (
				426703502C8C24AE00D6B9F0 /* Alamofire in Frameworks */,
			);
			runOnlyForDeploymentPostprocessing = 0;
		};
/* End PBXFrameworksBuildPhase section */

/* Begin PBXGroup section */
		42136E352C8A35CE008D610B /* Contacts */ = {
			isa = PBXGroup;
			children = (
				429BEBAD2C88F255009DC531 /* ContactsCell.swift */,
				429BEBAE2C88F255009DC531 /* ContactsCell.xib */,
			);
			path = Contacts;
			sourceTree = "<group>";
		};
		42136E362C8A35E7008D610B /* Subtitle */ = {
			isa = PBXGroup;
			children = (
				42136E372C8A360C008D610B /* SubtitleCell.swift */,
				42136E382C8A360C008D610B /* SubtitleCell.xib */,
			);
			path = Subtitle;
			sourceTree = "<group>";
		};
		42136E3B2C8A421B008D610B /* Info */ = {
			isa = PBXGroup;
			children = (
				42136E3C2C8A422C008D610B /* InfoCell.swift */,
				42136E3D2C8A422C008D610B /* InfoCell.xib */,
			);
			path = Info;
			sourceTree = "<group>";
		};
		42136E402C8A4966008D610B /* Manager */ = {
			isa = PBXGroup;
			children = (
				42136E412C8A4996008D610B /* ManagerCell.swift */,
				42136E422C8A4996008D610B /* ManagerCell.xib */,
			);
			path = Manager;
			sourceTree = "<group>";
		};
		4267034A2C8C246100D6B9F0 /* Networking */ = {
			isa = PBXGroup;
			children = (
				4267034B2C8C247000D6B9F0 /* Core */,
				426703572C8C436B00D6B9F0 /* Manager */,
			);
			path = Networking;
			sourceTree = "<group>";
		};
		4267034B2C8C247000D6B9F0 /* Core */ = {
			isa = PBXGroup;
			children = (
				4267034C2C8C247A00D6B9F0 /* NetworkManager.swift */,
				426703512C8C257700D6B9F0 /* NetworkConstants.swift */,
			);
			path = Core;
			sourceTree = "<group>";
		};
		426703532C8C2D8900D6B9F0 /* Scene */ = {
			isa = PBXGroup;
			children = (
				426703542C8C2D9400D6B9F0 /* Manager */,
				429FF8E92C8C669900C4D586 /* ManagerDetail */,
			);
			path = Scene;
			sourceTree = "<group>";
		};
		426703542C8C2D9400D6B9F0 /* Manager */ = {
			isa = PBXGroup;
			children = (
				429BEBA92C88EBEE009DC531 /* ManagerController.swift */,
				426703552C8C2DFE00D6B9F0 /* ManagerViewModel.swift */,
			);
			path = Manager;
			sourceTree = "<group>";
		};
		426703572C8C436B00D6B9F0 /* Manager */ = {
			isa = PBXGroup;
			children = (
				426703582C8C437F00D6B9F0 /* ManagerEndpoint.swift */,
				429FF8E72C8C603600C4D586 /* PersonalManagerManager.swift */,
			);
			path = Manager;
			sourceTree = "<group>";
		};
		429BEB872C88B249009DC531 = {
			isa = PBXGroup;
			children = (
				429BEB922C88B249009DC531 /* InterviewApp */,
				429BEB912C88B249009DC531 /* Products */,
			);
			sourceTree = "<group>";
		};
		429BEB912C88B249009DC531 /* Products */ = {
			isa = PBXGroup;
			children = (
				429BEB902C88B249009DC531 /* InterviewApp.app */,
			);
			name = Products;
			sourceTree = "<group>";
		};
		429BEB922C88B249009DC531 /* InterviewApp */ = {
			isa = PBXGroup;
			children = (
				429BEB932C88B249009DC531 /* AppDelegate.swift */,
				429BEB952C88B249009DC531 /* SceneDelegate.swift */,
				4267034A2C8C246100D6B9F0 /* Networking */,
				429BEBAC2C88F20A009DC531 /* ReusableView */,
				42C406372C8C84D700BDB756 /* Model */,
				426703532C8C2D8900D6B9F0 /* Scene */,
				429BEB992C88B249009DC531 /* Main.storyboard */,
				429BEB9C2C88B24C009DC531 /* Assets.xcassets */,
				429BEB9E2C88B24C009DC531 /* LaunchScreen.storyboard */,
				429BEBA12C88B24C009DC531 /* Info.plist */,
			);
			path = InterviewApp;
			sourceTree = "<group>";
		};
		429BEBAC2C88F20A009DC531 /* ReusableView */ = {
			isa = PBXGroup;
			children = (
				42136E362C8A35E7008D610B /* Subtitle */,
				42136E3B2C8A421B008D610B /* Info */,
				42136E402C8A4966008D610B /* Manager */,
				42136E352C8A35CE008D610B /* Contacts */,
			);
			path = ReusableView;
			sourceTree = "<group>";
		};
		429FF8E92C8C669900C4D586 /* ManagerDetail */ = {
			isa = PBXGroup;
			children = (
				429FF8EA2C8C66B600C4D586 /* ManagerDetailController.swift */,
				429FF8EC2C8C66C700C4D586 /* ManagerDetailViewModel.swift */,
			);
			path = ManagerDetail;
			sourceTree = "<group>";
		};
		42C406372C8C84D700BDB756 /* Model */ = {
			isa = PBXGroup;
			children = (
				426703482C8C227A00D6B9F0 /* Manager.swift */,
				425ECA482C8ECF7000E1B349 /* ContactAction.swift */,
			);
			path = Model;
			sourceTree = "<group>";
		};
/* End PBXGroup section */

/* Begin PBXNativeTarget section */
		429BEB8F2C88B249009DC531 /* InterviewApp */ = {
			isa = PBXNativeTarget;
			buildConfigurationList = 429BEBA42C88B24C009DC531 /* Build configuration list for PBXNativeTarget "InterviewApp" */;
			buildPhases = (
				429BEB8C2C88B249009DC531 /* Sources */,
				429BEB8D2C88B249009DC531 /* Frameworks */,
				429BEB8E2C88B249009DC531 /* Resources */,
			);
			buildRules = (
			);
			dependencies = (
			);
			name = InterviewApp;
			packageProductDependencies = (
				4267034F2C8C24AE00D6B9F0 /* Alamofire */,
			);
			productName = InterviewApp;
			productReference = 429BEB902C88B249009DC531 /* InterviewApp.app */;
			productType = "com.apple.product-type.application";
		};
/* End PBXNativeTarget section */

/* Begin PBXProject section */
		429BEB882C88B249009DC531 /* Project object */ = {
			isa = PBXProject;
			attributes = {
				BuildIndependentTargetsInParallel = 1;
				LastSwiftUpdateCheck = 1540;
				LastUpgradeCheck = 1540;
				TargetAttributes = {
					429BEB8F2C88B249009DC531 = {
						CreatedOnToolsVersion = 15.4;
					};
				};
			};
			buildConfigurationList = 429BEB8B2C88B249009DC531 /* Build configuration list for PBXProject "InterviewApp" */;
			compatibilityVersion = "Xcode 14.0";
			developmentRegion = en;
			hasScannedForEncodings = 0;
			knownRegions = (
				en,
				Base,
			);
			mainGroup = 429BEB872C88B249009DC531;
			packageReferences = (
				4267034E2C8C24AE00D6B9F0 /* XCRemoteSwiftPackageReference "Alamofire" */,
			);
			productRefGroup = 429BEB912C88B249009DC531 /* Products */;
			projectDirPath = "";
			projectRoot = "";
			targets = (
				429BEB8F2C88B249009DC531 /* InterviewApp */,
			);
		};
/* End PBXProject section */

/* Begin PBXResourcesBuildPhase section */
		429BEB8E2C88B249009DC531 /* Resources */ = {
			isa = PBXResourcesBuildPhase;
			buildActionMask = 2147483647;
			files = (
				429BEBAF2C88F255009DC531 /* ContactsCell.xib in Resources */,
				42136E432C8A4996008D610B /* ManagerCell.xib in Resources */,
				42136E3E2C8A422C008D610B /* InfoCell.xib in Resources */,
				429BEB9D2C88B24C009DC531 /* Assets.xcassets in Resources */,
				429BEBA02C88B24C009DC531 /* Base in Resources */,
				42136E392C8A360C008D610B /* SubtitleCell.xib in Resources */,
				429BEB9B2C88B249009DC531 /* Base in Resources */,
			);
			runOnlyForDeploymentPostprocessing = 0;
		};
/* End PBXResourcesBuildPhase section */

/* Begin PBXSourcesBuildPhase section */
		429BEB8C2C88B249009DC531 /* Sources */ = {
			isa = PBXSourcesBuildPhase;
			buildActionMask = 2147483647;
			files = (
				429FF8EB2C8C66B600C4D586 /* ManagerDetailController.swift in Sources */,
				429FF8ED2C8C66C700C4D586 /* ManagerDetailViewModel.swift in Sources */,
				429FF8E82C8C603600C4D586 /* PersonalManagerManager.swift in Sources */,
				429BEB942C88B249009DC531 /* AppDelegate.swift in Sources */,
				426703522C8C257800D6B9F0 /* NetworkConstants.swift in Sources */,
				4267034D2C8C247A00D6B9F0 /* NetworkManager.swift in Sources */,
				426703562C8C2DFE00D6B9F0 /* ManagerViewModel.swift in Sources */,
				429BEBB02C88F255009DC531 /* ContactsCell.swift in Sources */,
				425ECA492C8ECF7000E1B349 /* ContactAction.swift in Sources */,
				42136E3A2C8A360C008D610B /* SubtitleCell.swift in Sources */,
				429BEBAA2C88EBEE009DC531 /* ManagerController.swift in Sources */,
				429BEB962C88B249009DC531 /* SceneDelegate.swift in Sources */,
				42136E3F2C8A422C008D610B /* InfoCell.swift in Sources */,
				426703492C8C227A00D6B9F0 /* Manager.swift in Sources */,
				426703592C8C437F00D6B9F0 /* ManagerEndpoint.swift in Sources */,
				42136E442C8A4996008D610B /* ManagerCell.swift in Sources */,
			);
			runOnlyForDeploymentPostprocessing = 0;
		};
/* End PBXSourcesBuildPhase section */

/* Begin PBXVariantGroup section */
		429BEB992C88B249009DC531 /* Main.storyboard */ = {
			isa = PBXVariantGroup;
			children = (
				429BEB9A2C88B249009DC531 /* Base */,
			);
			name = Main.storyboard;
			sourceTree = "<group>";
		};
		429BEB9E2C88B24C009DC531 /* LaunchScreen.storyboard */ = {
			isa = PBXVariantGroup;
			children = (
				429BEB9F2C88B24C009DC531 /* Base */,
			);
			name = LaunchScreen.storyboard;
			sourceTree = "<group>";
		};
/* End PBXVariantGroup section */

/* Begin XCBuildConfiguration section */
		429BEBA22C88B24C009DC531 /* Debug */ = {
			isa = XCBuildConfiguration;
			buildSettings = {
				ALWAYS_SEARCH_USER_PATHS = NO;
				ASSETCATALOG_COMPILER_GENERATE_SWIFT_ASSET_SYMBOL_EXTENSIONS = YES;
				CLANG_ANALYZER_NONNULL = YES;
				CLANG_ANALYZER_NUMBER_OBJECT_CONVERSION = YES_AGGRESSIVE;
				CLANG_CXX_LANGUAGE_STANDARD = "gnu++20";
				CLANG_ENABLE_MODULES = YES;
				CLANG_ENABLE_OBJC_ARC = YES;
				CLANG_ENABLE_OBJC_WEAK = YES;
				CLANG_WARN_BLOCK_CAPTURE_AUTORELEASING = YES;
				CLANG_WARN_BOOL_CONVERSION = YES;
				CLANG_WARN_COMMA = YES;
				CLANG_WARN_CONSTANT_CONVERSION = YES;
				CLANG_WARN_DEPRECATED_OBJC_IMPLEMENTATIONS = YES;
				CLANG_WARN_DIRECT_OBJC_ISA_USAGE = YES_ERROR;
				CLANG_WARN_DOCUMENTATION_COMMENTS = YES;
				CLANG_WARN_EMPTY_BODY = YES;
				CLANG_WARN_ENUM_CONVERSION = YES;
				CLANG_WARN_INFINITE_RECURSION = YES;
				CLANG_WARN_INT_CONVERSION = YES;
				CLANG_WARN_NON_LITERAL_NULL_CONVERSION = YES;
				CLANG_WARN_OBJC_IMPLICIT_RETAIN_SELF = YES;
				CLANG_WARN_OBJC_LITERAL_CONVERSION = YES;
				CLANG_WARN_OBJC_ROOT_CLASS = YES_ERROR;
				CLANG_WARN_QUOTED_INCLUDE_IN_FRAMEWORK_HEADER = YES;
				CLANG_WARN_RANGE_LOOP_ANALYSIS = YES;
				CLANG_WARN_STRICT_PROTOTYPES = YES;
				CLANG_WARN_SUSPICIOUS_MOVE = YES;
				CLANG_WARN_UNGUARDED_AVAILABILITY = YES_AGGRESSIVE;
				CLANG_WARN_UNREACHABLE_CODE = YES;
				CLANG_WARN__DUPLICATE_METHOD_MATCH = YES;
				COPY_PHASE_STRIP = NO;
				DEBUG_INFORMATION_FORMAT = dwarf;
				ENABLE_STRICT_OBJC_MSGSEND = YES;
				ENABLE_TESTABILITY = YES;
				ENABLE_USER_SCRIPT_SANDBOXING = YES;
				GCC_C_LANGUAGE_STANDARD = gnu17;
				GCC_DYNAMIC_NO_PIC = NO;
				GCC_NO_COMMON_BLOCKS = YES;
				GCC_OPTIMIZATION_LEVEL = 0;
				GCC_PREPROCESSOR_DEFINITIONS = (
					"DEBUG=1",
					"$(inherited)",
				);
				GCC_WARN_64_TO_32_BIT_CONVERSION = YES;
				GCC_WARN_ABOUT_RETURN_TYPE = YES_ERROR;
				GCC_WARN_UNDECLARED_SELECTOR = YES;
				GCC_WARN_UNINITIALIZED_AUTOS = YES_AGGRESSIVE;
				GCC_WARN_UNUSED_FUNCTION = YES;
				GCC_WARN_UNUSED_VARIABLE = YES;
				IPHONEOS_DEPLOYMENT_TARGET = 17.5;
				LOCALIZATION_PREFERS_STRING_CATALOGS = YES;
				MTL_ENABLE_DEBUG_INFO = INCLUDE_SOURCE;
				MTL_FAST_MATH = YES;
				ONLY_ACTIVE_ARCH = YES;
				SDKROOT = iphoneos;
				SWIFT_ACTIVE_COMPILATION_CONDITIONS = "DEBUG $(inherited)";
				SWIFT_OPTIMIZATION_LEVEL = "-Onone";
			};
			name = Debug;
		};
		429BEBA32C88B24C009DC531 /* Release */ = {
			isa = XCBuildConfiguration;
			buildSettings = {
				ALWAYS_SEARCH_USER_PATHS = NO;
				ASSETCATALOG_COMPILER_GENERATE_SWIFT_ASSET_SYMBOL_EXTENSIONS = YES;
				CLANG_ANALYZER_NONNULL = YES;
				CLANG_ANALYZER_NUMBER_OBJECT_CONVERSION = YES_AGGRESSIVE;
				CLANG_CXX_LANGUAGE_STANDARD = "gnu++20";
				CLANG_ENABLE_MODULES = YES;
				CLANG_ENABLE_OBJC_ARC = YES;
				CLANG_ENABLE_OBJC_WEAK = YES;
				CLANG_WARN_BLOCK_CAPTURE_AUTORELEASING = YES;
				CLANG_WARN_BOOL_CONVERSION = YES;
				CLANG_WARN_COMMA = YES;
				CLANG_WARN_CONSTANT_CONVERSION = YES;
				CLANG_WARN_DEPRECATED_OBJC_IMPLEMENTATIONS = YES;
				CLANG_WARN_DIRECT_OBJC_ISA_USAGE = YES_ERROR;
				CLANG_WARN_DOCUMENTATION_COMMENTS = YES;
				CLANG_WARN_EMPTY_BODY = YES;
				CLANG_WARN_ENUM_CONVERSION = YES;
				CLANG_WARN_INFINITE_RECURSION = YES;
				CLANG_WARN_INT_CONVERSION = YES;
				CLANG_WARN_NON_LITERAL_NULL_CONVERSION = YES;
				CLANG_WARN_OBJC_IMPLICIT_RETAIN_SELF = YES;
				CLANG_WARN_OBJC_LITERAL_CONVERSION = YES;
				CLANG_WARN_OBJC_ROOT_CLASS = YES_ERROR;
				CLANG_WARN_QUOTED_INCLUDE_IN_FRAMEWORK_HEADER = YES;
				CLANG_WARN_RANGE_LOOP_ANALYSIS = YES;
				CLANG_WARN_STRICT_PROTOTYPES = YES;
				CLANG_WARN_SUSPICIOUS_MOVE = YES;
				CLANG_WARN_UNGUARDED_AVAILABILITY = YES_AGGRESSIVE;
				CLANG_WARN_UNREACHABLE_CODE = YES;
				CLANG_WARN__DUPLICATE_METHOD_MATCH = YES;
				COPY_PHASE_STRIP = NO;
				DEBUG_INFORMATION_FORMAT = "dwarf-with-dsym";
				ENABLE_NS_ASSERTIONS = NO;
				ENABLE_STRICT_OBJC_MSGSEND = YES;
				ENABLE_USER_SCRIPT_SANDBOXING = YES;
				GCC_C_LANGUAGE_STANDARD = gnu17;
				GCC_NO_COMMON_BLOCKS = YES;
				GCC_WARN_64_TO_32_BIT_CONVERSION = YES;
				GCC_WARN_ABOUT_RETURN_TYPE = YES_ERROR;
				GCC_WARN_UNDECLARED_SELECTOR = YES;
				GCC_WARN_UNINITIALIZED_AUTOS = YES_AGGRESSIVE;
				GCC_WARN_UNUSED_FUNCTION = YES;
				GCC_WARN_UNUSED_VARIABLE = YES;
				IPHONEOS_DEPLOYMENT_TARGET = 17.5;
				LOCALIZATION_PREFERS_STRING_CATALOGS = YES;
				MTL_ENABLE_DEBUG_INFO = NO;
				MTL_FAST_MATH = YES;
				SDKROOT = iphoneos;
				SWIFT_COMPILATION_MODE = wholemodule;
				VALIDATE_PRODUCT = YES;
			};
			name = Release;
		};
		429BEBA52C88B24C009DC531 /* Debug */ = {
			isa = XCBuildConfiguration;
			buildSettings = {
				ASSETCATALOG_COMPILER_APPICON_NAME = AppIcon;
				ASSETCATALOG_COMPILER_GLOBAL_ACCENT_COLOR_NAME = AccentColor;
				CODE_SIGN_STYLE = Manual;
				CURRENT_PROJECT_VERSION = 1;
				DEVELOPMENT_TEAM = "";
				GENERATE_INFOPLIST_FILE = YES;
				INFOPLIST_FILE = InterviewApp/Info.plist;
				INFOPLIST_KEY_UIApplicationSupportsIndirectInputEvents = YES;
				INFOPLIST_KEY_UILaunchStoryboardName = LaunchScreen;
				INFOPLIST_KEY_UIMainStoryboardFile = Main;
				INFOPLIST_KEY_UISupportedInterfaceOrientations = UIInterfaceOrientationPortrait;
				INFOPLIST_KEY_UISupportedInterfaceOrientations_iPad = "UIInterfaceOrientationLandscapeLeft UIInterfaceOrientationLandscapeRight UIInterfaceOrientationPortrait UIInterfaceOrientationPortraitUpsideDown";
				LD_RUNPATH_SEARCH_PATHS = (
					"$(inherited)",
					"@executable_path/Frameworks",
				);
				MARKETING_VERSION = 1.0;
				PRODUCT_BUNDLE_IDENTIFIER = com.AS.InterviewApp;
				PRODUCT_NAME = "$(TARGET_NAME)";
				PROVISIONING_PROFILE_SPECIFIER = "";
				SUPPORTED_PLATFORMS = "iphoneos iphonesimulator";
				SUPPORTS_MACCATALYST = NO;
				SUPPORTS_MAC_DESIGNED_FOR_IPHONE_IPAD = NO;
				SUPPORTS_XR_DESIGNED_FOR_IPHONE_IPAD = NO;
				SWIFT_EMIT_LOC_STRINGS = YES;
				SWIFT_VERSION = 5.0;
				TARGETED_DEVICE_FAMILY = 1;
			};
			name = Debug;
		};
		429BEBA62C88B24C009DC531 /* Release */ = {
			isa = XCBuildConfiguration;
			buildSettings = {
				ASSETCATALOG_COMPILER_APPICON_NAME = AppIcon;
				ASSETCATALOG_COMPILER_GLOBAL_ACCENT_COLOR_NAME = AccentColor;
				CODE_SIGN_STYLE = Manual;
				CURRENT_PROJECT_VERSION = 1;
				DEVELOPMENT_TEAM = "";
				GENERATE_INFOPLIST_FILE = YES;
				INFOPLIST_FILE = InterviewApp/Info.plist;
				INFOPLIST_KEY_UIApplicationSupportsIndirectInputEvents = YES;
				INFOPLIST_KEY_UILaunchStoryboardName = LaunchScreen;
				INFOPLIST_KEY_UIMainStoryboardFile = Main;
				INFOPLIST_KEY_UISupportedInterfaceOrientations = UIInterfaceOrientationPortrait;
				INFOPLIST_KEY_UISupportedInterfaceOrientations_iPad = "UIInterfaceOrientationLandscapeLeft UIInterfaceOrientationLandscapeRight UIInterfaceOrientationPortrait UIInterfaceOrientationPortraitUpsideDown";
				LD_RUNPATH_SEARCH_PATHS = (
					"$(inherited)",
					"@executable_path/Frameworks",
				);
				MARKETING_VERSION = 1.0;
				PRODUCT_BUNDLE_IDENTIFIER = com.AS.InterviewApp;
				PRODUCT_NAME = "$(TARGET_NAME)";
				PROVISIONING_PROFILE_SPECIFIER = "";
				SUPPORTED_PLATFORMS = "iphoneos iphonesimulator";
				SUPPORTS_MACCATALYST = NO;
				SUPPORTS_MAC_DESIGNED_FOR_IPHONE_IPAD = NO;
				SUPPORTS_XR_DESIGNED_FOR_IPHONE_IPAD = NO;
				SWIFT_EMIT_LOC_STRINGS = YES;
				SWIFT_VERSION = 5.0;
				TARGETED_DEVICE_FAMILY = 1;
			};
			name = Release;
		};
/* End XCBuildConfiguration section */

/* Begin XCConfigurationList section */
		429BEB8B2C88B249009DC531 /* Build configuration list for PBXProject "InterviewApp" */ = {
			isa = XCConfigurationList;
			buildConfigurations = (
				429BEBA22C88B24C009DC531 /* Debug */,
				429BEBA32C88B24C009DC531 /* Release */,
			);
			defaultConfigurationIsVisible = 0;
			defaultConfigurationName = Release;
		};
		429BEBA42C88B24C009DC531 /* Build configuration list for PBXNativeTarget "InterviewApp" */ = {
			isa = XCConfigurationList;
			buildConfigurations = (
				429BEBA52C88B24C009DC531 /* Debug */,
				429BEBA62C88B24C009DC531 /* Release */,
			);
			defaultConfigurationIsVisible = 0;
			defaultConfigurationName = Release;
		};
/* End XCConfigurationList section */

/* Begin XCRemoteSwiftPackageReference section */
		4267034E2C8C24AE00D6B9F0 /* XCRemoteSwiftPackageReference "Alamofire" */ = {
			isa = XCRemoteSwiftPackageReference;
			repositoryURL = "https://github.com/Alamofire/Alamofire.git";
			requirement = {
				kind = upToNextMajorVersion;
				minimumVersion = 5.9.1;
			};
		};
/* End XCRemoteSwiftPackageReference section */

/* Begin XCSwiftPackageProductDependency section */
		4267034F2C8C24AE00D6B9F0 /* Alamofire */ = {
			isa = XCSwiftPackageProductDependency;
			package = 4267034E2C8C24AE00D6B9F0 /* XCRemoteSwiftPackageReference "Alamofire" */;
			productName = Alamofire;
		};
/* End XCSwiftPackageProductDependency section */
	};
	rootObject = 429BEB882C88B249009DC531 /* Project object */;
}
